
Microsoft Visual Studio Solution File, Format Version 12.00
# Visual Studio 15
VisualStudioVersion = 15.0.26124.0
MinimumVisualStudioVersion = 15.0.26124.0
Project("{2150E333-8FDC-42A3-9474-1A3956D46DE8}") = "src", "src", "{264D4C36-FF09-4C8D-B6BB-C442100A07C0}"
EndProject
Project("{FAE04EC0-301F-11D3-BF4B-00C04F79EFBC}") = "Inventory.Core", "src\Inventory.Core\Inventory.Core.csproj", "{C006F606-0401-4F88-B8BD-B48B00DB789E}"
EndProject
Project("{FAE04EC0-301F-11D3-BF4B-00C04F79EFBC}") = "Inventory.Web", "src\Inventory.Web\Inventory.Web.csproj", "{A7BD6917-0F53-47BC-8374-D7F178D40BFD}"
EndProject
Project("{FAE04EC0-301F-11D3-BF4B-00C04F79EFBC}") = "Inventory.IdentityServer", "src\Inventory.IdentityServer\Inventory.IdentityServer.csproj", "{4C14D566-03CB-472C-8D1E-A0EAE49F84B4}"
EndProject
Project("{2150E333-8FDC-42A3-9474-1A3956D46DE8}") = "tests", "tests", "{D5C6A42F-2BD4-4D43-B87A-B6CC1552599D}"
EndProject
Project("{FAE04EC0-301F-11D3-BF4B-00C04F79EFBC}") = "Inventory.UnitTests", "tests\Inventory.UnitTests\Inventory.UnitTests.csproj", "{5D662B72-3E56-4B7E-96A7-66BDD7217E66}"
EndProject
Global
	GlobalSection(SolutionConfigurationPlatforms) = preSolution
		Debug|Any CPU = Debug|Any CPU
		Debug|x64 = Debug|x64
		Debug|x86 = Debug|x86
		Release|Any CPU = Release|Any CPU
		Release|x64 = Release|x64
		Release|x86 = Release|x86
	EndGlobalSection
	GlobalSection(SolutionProperties) = preSolution
		HideSolutionNode = FALSE
	EndGlobalSection
	GlobalSection(ProjectConfigurationPlatforms) = postSolution
		{C006F606-0401-4F88-B8BD-B48B00DB789E}.Debug|Any CPU.ActiveCfg = Debug|Any CPU
		{C006F606-0401-4F88-B8BD-B48B00DB789E}.Debug|Any CPU.Build.0 = Debug|Any CPU
		{C006F606-0401-4F88-B8BD-B48B00DB789E}.Debug|x64.ActiveCfg = Debug|Any CPU
		{C006F606-0401-4F88-B8BD-B48B00DB789E}.Debug|x64.Build.0 = Debug|Any CPU
		{C006F606-0401-4F88-B8BD-B48B00DB789E}.Debug|x86.ActiveCfg = Debug|Any CPU
		{C006F606-0401-4F88-B8BD-B48B00DB789E}.Debug|x86.Build.0 = Debug|Any CPU
		{C006F606-0401-4F88-B8BD-B48B00DB789E}.Release|Any CPU.ActiveCfg = Release|Any CPU
		{C006F606-0401-4F88-B8BD-B48B00DB789E}.Release|Any CPU.Build.0 = Release|Any CPU
		{C006F606-0401-4F88-B8BD-B48B00DB789E}.Release|x64.ActiveCfg = Release|Any CPU
		{C006F606-0401-4F88-B8BD-B48B00DB789E}.Release|x64.Build.0 = Release|Any CPU
		{C006F606-0401-4F88-B8BD-B48B00DB789E}.Release|x86.ActiveCfg = Release|Any CPU
		{C006F606-0401-4F88-B8BD-B48B00DB789E}.Release|x86.Build.0 = Release|Any CPU
		{A7BD6917-0F53-47BC-8374-D7F178D40BFD}.Debug|Any CPU.ActiveCfg = Debug|Any CPU
		{A7BD6917-0F53-47BC-8374-D7F178D40BFD}.Debug|Any CPU.Build.0 = Debug|Any CPU
		{A7BD6917-0F53-47BC-8374-D7F178D40BFD}.Debug|x64.ActiveCfg = Debug|Any CPU
		{A7BD6917-0F53-47BC-8374-D7F178D40BFD}.Debug|x64.Build.0 = Debug|Any CPU
		{A7BD6917-0F53-47BC-8374-D7F178D40BFD}.Debug|x86.ActiveCfg = Debug|Any CPU
		{A7BD6917-0F53-47BC-8374-D7F178D40BFD}.Debug|x86.Build.0 = Debug|Any CPU
		{A7BD6917-0F53-47BC-8374-D7F178D40BFD}.Release|Any CPU.ActiveCfg = Release|Any CPU
		{A7BD6917-0F53-47BC-8374-D7F178D40BFD}.Release|Any CPU.Build.0 = Release|Any CPU
		{A7BD6917-0F53-47BC-8374-D7F178D40BFD}.Release|x64.ActiveCfg = Release|Any CPU
		{A7BD6917-0F53-47BC-8374-D7F178D40BFD}.Release|x64.Build.0 = Release|Any CPU
		{A7BD6917-0F53-47BC-8374-D7F178D40BFD}.Release|x86.ActiveCfg = Release|Any CPU
		{A7BD6917-0F53-47BC-8374-D7F178D40BFD}.Release|x86.Build.0 = Release|Any CPU
		{4C14D566-03CB-472C-8D1E-A0EAE49F84B4}.Debug|Any CPU.ActiveCfg = Debug|Any CPU
		{4C14D566-03CB-472C-8D1E-A0EAE49F84B4}.Debug|Any CPU.Build.0 = Debug|Any CPU
		{4C14D566-03CB-472C-8D1E-A0EAE49F84B4}.Debug|x64.ActiveCfg = Debug|Any CPU
		{4C14D566-03CB-472C-8D1E-A0EAE49F84B4}.Debug|x64.Build.0 = Debug|Any CPU
		{4C14D566-03CB-472C-8D1E-A0EAE49F84B4}.Debug|x86.ActiveCfg = Debug|Any CPU
		{4C14D566-03CB-472C-8D1E-A0EAE49F84B4}.Debug|x86.Build.0 = Debug|Any CPU
		{4C14D566-03CB-472C-8D1E-A0EAE49F84B4}.Release|Any CPU.ActiveCfg = Release|Any CPU
		{4C14D566-03CB-472C-8D1E-A0EAE49F84B4}.Release|Any CPU.Build.0 = Release|Any CPU
		{4C14D566-03CB-472C-8D1E-A0EAE49F84B4}.Release|x64.ActiveCfg = Release|Any CPU
		{4C14D566-03CB-472C-8D1E-A0EAE49F84B4}.Release|x64.Build.0 = Release|Any CPU
		{4C14D566-03CB-472C-8D1E-A0EAE49F84B4}.Release|x86.ActiveCfg = Release|Any CPU
		{4C14D566-03CB-472C-8D1E-A0EAE49F84B4}.Release|x86.Build.0 = Release|Any CPU
		{5D662B72-3E56-4B7E-96A7-66BDD7217E66}.Debug|Any CPU.ActiveCfg = Debug|Any CPU
		{5D662B72-3E56-4B7E-96A7-66BDD7217E66}.Debug|Any CPU.Build.0 = Debug|Any CPU
		{5D662B72-3E56-4B7E-96A7-66BDD7217E66}.Debug|x64.ActiveCfg = Debug|Any CPU
		{5D662B72-3E56-4B7E-96A7-66BDD7217E66}.Debug|x64.Build.0 = Debug|Any CPU
		{5D662B72-3E56-4B7E-96A7-66BDD7217E66}.Debug|x86.ActiveCfg = Debug|Any CPU
		{5D662B72-3E56-4B7E-96A7-66BDD7217E66}.Debug|x86.Build.0 = Debug|Any CPU
		{5D662B72-3E56-4B7E-96A7-66BDD7217E66}.Release|Any CPU.ActiveCfg = Release|Any CPU
		{5D662B72-3E56-4B7E-96A7-66BDD7217E66}.Release|Any CPU.Build.0 = Release|Any CPU
		{5D662B72-3E56-4B7E-96A7-66BDD7217E66}.Release|x64.ActiveCfg = Release|Any CPU
		{5D662B72-3E56-4B7E-96A7-66BDD7217E66}.Release|x64.Build.0 = Release|Any CPU
		{5D662B72-3E56-4B7E-96A7-66BDD7217E66}.Release|x86.ActiveCfg = Release|Any CPU
		{5D662B72-3E56-4B7E-96A7-66BDD7217E66}.Release|x86.Build.0 = Release|Any CPU
	EndGlobalSection
	GlobalSection(NestedProjects) = preSolution
		{C006F606-0401-4F88-B8BD-B48B00DB789E} = {264D4C36-FF09-4C8D-B6BB-C442100A07C0}
		{A7BD6917-0F53-47BC-8374-D7F178D40BFD} = {264D4C36-FF09-4C8D-B6BB-C442100A07C0}
		{4C14D566-03CB-472C-8D1E-A0EAE49F84B4} = {264D4C36-FF09-4C8D-B6BB-C442100A07C0}
		{5D662B72-3E56-4B7E-96A7-66BDD7217E66} = {D5C6A42F-2BD4-4D43-B87A-B6CC1552599D}
	EndGlobalSection
EndGlobal
